
Microsoft Visual Studio Solution File, Format Version 12.00
# Visual Studio Version 17
VisualStudioVersion = 17.10.34916.146
MinimumVisualStudioVersion = 10.0.40219.1
Project("{9A19103F-16F7-4668-BE54-9A1E7A4F7556}") = "KingsConsole", "src\KingsConsole\KingsConsole.csproj", "{7EE8C912-8D73-4FF3-8E02-657CED191F80}"
EndProject
Project("{9A19103F-16F7-4668-BE54-9A1E7A4F7556}") = "KingsTests", "src\KingsTests\KingsTests.csproj", "{591665B8-5B06-44FF-903A-2B41DC5B77EA}"
EndProject
Global
	GlobalSection(SolutionConfigurationPlatforms) = preSolution
		Debug|Any CPU = Debug|Any CPU
		Release|Any CPU = Release|Any CPU
	EndGlobalSection
	GlobalSection(ProjectConfigurationPlatforms) = postSolution
		{7EE8C912-8D73-4FF3-8E02-657CED191F80}.Debug|Any CPU.ActiveCfg = Debug|Any CPU
		{7EE8C912-8D73-4FF3-8E02-657CED191F80}.Debug|Any CPU.Build.0 = Debug|Any CPU
		{7EE8C912-8D73-4FF3-8E02-657CED191F80}.Release|Any CPU.ActiveCfg = Release|Any CPU
		{7EE8C912-8D73-4FF3-8E02-657CED191F80}.Release|Any CPU.Build.0 = Release|Any CPU
		{591665B8-5B06-44FF-903A-2B41DC5B77EA}.Debug|Any CPU.ActiveCfg = Debug|Any CPU
		{591665B8-5B06-44FF-903A-2B41DC5B77EA}.Debug|Any CPU.Build.0 = Debug|Any CPU
		{591665B8-5B06-44FF-903A-2B41DC5B77EA}.Release|Any CPU.ActiveCfg = Release|Any CPU
		{591665B8-5B06-44FF-903A-2B41DC5B77EA}.Release|Any CPU.Build.0 = Release|Any CPU
	EndGlobalSection
	GlobalSection(SolutionProperties) = preSolution
		HideSolutionNode = FALSE
	EndGlobalSection
	GlobalSection(ExtensibilityGlobals) = postSolution
		SolutionGuid = {D08806F8-2AFB-46D1-B2CB-1E6DD261474B}
	EndGlobalSection
EndGlobal
